
Microsoft Visual Studio Solution File, Format Version 12.00
# Visual Studio Version 17
VisualStudioVersion = 17.14.37012.4 d17.14
MinimumVisualStudioVersion = 10.0.40219.1
Project("{FAE04EC0-301F-11D3-BF4B-00C04F79EFBC}") = "Herencia.Core", "Herencia.Core\Herencia.Core.csproj", "{CF301905-2E1C-43D0-9B84-D6DFFD23E6BB}"
EndProject
Global
	GlobalSection(SolutionConfigurationPlatforms) = preSolution
		Debug|Any CPU = Debug|Any CPU
		Release|Any CPU = Release|Any CPU
	EndGlobalSection
	GlobalSection(ProjectConfigurationPlatforms) = postSolution
		{CF301905-2E1C-43D0-9B84-D6DFFD23E6BB}.Debug|Any CPU.ActiveCfg = Debug|Any CPU
		{CF301905-2E1C-43D0-9B84-D6DFFD23E6BB}.Debug|Any CPU.Build.0 = Debug|Any CPU
		{CF301905-2E1C-43D0-9B84-D6DFFD23E6BB}.Release|Any CPU.ActiveCfg = Release|Any CPU
		{CF301905-2E1C-43D0-9B84-D6DFFD23E6BB}.Release|Any CPU.Build.0 = Release|Any CPU
	EndGlobalSection
	GlobalSection(SolutionProperties) = preSolution
		HideSolutionNode = FALSE
	EndGlobalSection
	GlobalSection(ExtensibilityGlobals) = postSolution
		SolutionGuid = {9AE12383-9DAD-4866-8A86-1E5E4BE6B291}
	EndGlobalSection
EndGlobal
